
Microsoft Visual Studio Solution File, Format Version 12.00
# Visual Studio Version 16
VisualStudioVersion = 16.0.30907.101
MinimumVisualStudioVersion = 10.0.40219.1
Project("{BBD0F5D1-1CC4-42FD-BA4C-A96779C64378}") = "Readability", "Readability.synproj", "{FC3906A9-F6C3-4101-BB0E-77877AB60692}"
EndProject
Global
	GlobalSection(SolutionConfigurationPlatforms) = preSolution
		Debug|x64 = Debug|x64
		Debug|x86 = Debug|x86
		Release|x64 = Release|x64
		Release|x86 = Release|x86
	EndGlobalSection
	GlobalSection(ProjectConfigurationPlatforms) = postSolution
		{FC3906A9-F6C3-4101-BB0E-77877AB60692}.Debug|x64.ActiveCfg = Debug|x64
		{FC3906A9-F6C3-4101-BB0E-77877AB60692}.Debug|x64.Build.0 = Debug|x64
		{FC3906A9-F6C3-4101-BB0E-77877AB60692}.Debug|x86.ActiveCfg = Debug|x86
		{FC3906A9-F6C3-4101-BB0E-77877AB60692}.Debug|x86.Build.0 = Debug|x86
		{FC3906A9-F6C3-4101-BB0E-77877AB60692}.Release|x64.ActiveCfg = Release|x64
		{FC3906A9-F6C3-4101-BB0E-77877AB60692}.Release|x64.Build.0 = Release|x64
		{FC3906A9-F6C3-4101-BB0E-77877AB60692}.Release|x86.ActiveCfg = Release|x86
		{FC3906A9-F6C3-4101-BB0E-77877AB60692}.Release|x86.Build.0 = Release|x86
	EndGlobalSection
	GlobalSection(SolutionProperties) = preSolution
		HideSolutionNode = FALSE
	EndGlobalSection
	GlobalSection(ExtensibilityGlobals) = postSolution
		SolutionGuid = {D382147F-1F77-44D8-86C6-EBE5311CA01F}
	EndGlobalSection
EndGlobal
